
Microsoft Visual Studio Solution File, Format Version 12.00
# Visual Studio Version 17
VisualStudioVersion = 17.14.36127.28 d17.14
MinimumVisualStudioVersion = 10.0.40219.1
Project("{FAE04EC0-301F-11D3-BF4B-00C04F79EFBC}") = "Ayman Salama", "Ayman Salama\Ayman Salama.csproj", "{C3F1817A-166C-4C98-8087-87A572A3DB27}"
EndProject
Global
	GlobalSection(SolutionConfigurationPlatforms) = preSolution
		Debug|Any CPU = Debug|Any CPU
		Release|Any CPU = Release|Any CPU
	EndGlobalSection
	GlobalSection(ProjectConfigurationPlatforms) = postSolution
		{C3F1817A-166C-4C98-8087-87A572A3DB27}.Debug|Any CPU.ActiveCfg = Debug|Any CPU
		{C3F1817A-166C-4C98-8087-87A572A3DB27}.Debug|Any CPU.Build.0 = Debug|Any CPU
		{C3F1817A-166C-4C98-8087-87A572A3DB27}.Release|Any CPU.ActiveCfg = Release|Any CPU
		{C3F1817A-166C-4C98-8087-87A572A3DB27}.Release|Any CPU.Build.0 = Release|Any CPU
	EndGlobalSection
	GlobalSection(SolutionProperties) = preSolution
		HideSolutionNode = FALSE
	EndGlobalSection
	GlobalSection(ExtensibilityGlobals) = postSolution
		SolutionGuid = {6AA03AA0-4C37-4E77-BCA0-0F35B816D152}
	EndGlobalSection
EndGlobal
